
Microsoft Visual Studio Solution File, Format Version 12.00
# Visual Studio Version 16
VisualStudioVersion = 16.0.30204.135
MinimumVisualStudioVersion = 10.0.40219.1
Project("{FAE04EC0-301F-11D3-BF4B-00C04F79EFBC}") = "Parquet.Plus", "Parquet.Plus\Parquet.Plus.csproj", "{7BE2A204-2851-4686-8947-9278E2C5187F}"
EndProject
Project("{FAE04EC0-301F-11D3-BF4B-00C04F79EFBC}") = "Parquet.Plus.Tests", "Parquet.Plus.Tests\Parquet.Plus.Tests.csproj", "{C609F677-E420-4876-9787-D715792EB0A3}"
EndProject
Project("{2150E333-8FDC-42A3-9474-1A3956D46DE8}") = "Solution Items", "Solution Items", "{FA828680-568A-47C2-AA94-940135BC973D}"
	ProjectSection(SolutionItems) = preProject
		.travis.yml = .travis.yml
	EndProjectSection
EndProject
Global
	GlobalSection(SolutionConfigurationPlatforms) = preSolution
		Debug|Any CPU = Debug|Any CPU
		Release|Any CPU = Release|Any CPU
	EndGlobalSection
	GlobalSection(ProjectConfigurationPlatforms) = postSolution
		{7BE2A204-2851-4686-8947-9278E2C5187F}.Debug|Any CPU.ActiveCfg = Debug|Any CPU
		{7BE2A204-2851-4686-8947-9278E2C5187F}.Debug|Any CPU.Build.0 = Debug|Any CPU
		{7BE2A204-2851-4686-8947-9278E2C5187F}.Release|Any CPU.ActiveCfg = Release|Any CPU
		{7BE2A204-2851-4686-8947-9278E2C5187F}.Release|Any CPU.Build.0 = Release|Any CPU
		{C609F677-E420-4876-9787-D715792EB0A3}.Debug|Any CPU.ActiveCfg = Debug|Any CPU
		{C609F677-E420-4876-9787-D715792EB0A3}.Debug|Any CPU.Build.0 = Debug|Any CPU
		{C609F677-E420-4876-9787-D715792EB0A3}.Release|Any CPU.ActiveCfg = Release|Any CPU
		{C609F677-E420-4876-9787-D715792EB0A3}.Release|Any CPU.Build.0 = Release|Any CPU
	EndGlobalSection
	GlobalSection(SolutionProperties) = preSolution
		HideSolutionNode = FALSE
	EndGlobalSection
	GlobalSection(ExtensibilityGlobals) = postSolution
		SolutionGuid = {3E4F7641-110D-42BB-86D4-371CD7946486}
	EndGlobalSection
EndGlobal
